
Microsoft Visual Studio Solution File, Format Version 12.00
# Visual Studio Version 17
VisualStudioVersion = 17.5.002.0
MinimumVisualStudioVersion = 10.0.40219.1
Project("{9A19103F-16F7-4668-BE54-9A1E7A4F7556}") = "EventEase", "EventEase.csproj", "{C97DFC93-1561-4196-8BB4-17DC2692AB39}"
EndProject
Global
	GlobalSection(SolutionConfigurationPlatforms) = preSolution
		Debug|Any CPU = Debug|Any CPU
		Release|Any CPU = Release|Any CPU
	EndGlobalSection
	GlobalSection(ProjectConfigurationPlatforms) = postSolution
		{C97DFC93-1561-4196-8BB4-17DC2692AB39}.Debug|Any CPU.ActiveCfg = Debug|Any CPU
		{C97DFC93-1561-4196-8BB4-17DC2692AB39}.Debug|Any CPU.Build.0 = Debug|Any CPU
		{C97DFC93-1561-4196-8BB4-17DC2692AB39}.Release|Any CPU.ActiveCfg = Release|Any CPU
		{C97DFC93-1561-4196-8BB4-17DC2692AB39}.Release|Any CPU.Build.0 = Release|Any CPU
	EndGlobalSection
	GlobalSection(SolutionProperties) = preSolution
		HideSolutionNode = FALSE
	EndGlobalSection
	GlobalSection(ExtensibilityGlobals) = postSolution
		SolutionGuid = {43D7AE90-7C15-4D56-93C9-F23A0562F4A0}
	EndGlobalSection
EndGlobal
